
Microsoft Visual Studio Solution File, Format Version 12.00
# Visual Studio Version 17
VisualStudioVersion = 17.4.33213.308
MinimumVisualStudioVersion = 10.0.40219.1
Project("{9A19103F-16F7-4668-BE54-9A1E7A4F7556}") = "BusinessObjects", "BusinessObjects\BusinessObjects.csproj", "{66AF0D04-D180-4152-AAD5-4A99D886C28E}"
EndProject
Project("{9A19103F-16F7-4668-BE54-9A1E7A4F7556}") = "DataAccess", "DataAccess\DataAccess.csproj", "{680162B6-CB5F-4D15-8542-81F332982C78}"
EndProject
Project("{9A19103F-16F7-4668-BE54-9A1E7A4F7556}") = "Repository", "Repository\Repository.csproj", "{47F72BA0-4C87-43EB-897A-A1AEB275072F}"
EndProject
Project("{9A19103F-16F7-4668-BE54-9A1E7A4F7556}") = "APIRAO", "APIRAO\APIRAO.csproj", "{D21A9F27-DA3E-4892-AC89-2B7B2EC7B78F}"
EndProject
Global
	GlobalSection(SolutionConfigurationPlatforms) = preSolution
		Debug|Any CPU = Debug|Any CPU
		Release|Any CPU = Release|Any CPU
	EndGlobalSection
	GlobalSection(ProjectConfigurationPlatforms) = postSolution
		{66AF0D04-D180-4152-AAD5-4A99D886C28E}.Debug|Any CPU.ActiveCfg = Debug|Any CPU
		{66AF0D04-D180-4152-AAD5-4A99D886C28E}.Debug|Any CPU.Build.0 = Debug|Any CPU
		{66AF0D04-D180-4152-AAD5-4A99D886C28E}.Release|Any CPU.ActiveCfg = Release|Any CPU
		{66AF0D04-D180-4152-AAD5-4A99D886C28E}.Release|Any CPU.Build.0 = Release|Any CPU
		{680162B6-CB5F-4D15-8542-81F332982C78}.Debug|Any CPU.ActiveCfg = Debug|Any CPU
		{680162B6-CB5F-4D15-8542-81F332982C78}.Debug|Any CPU.Build.0 = Debug|Any CPU
		{680162B6-CB5F-4D15-8542-81F332982C78}.Release|Any CPU.ActiveCfg = Release|Any CPU
		{680162B6-CB5F-4D15-8542-81F332982C78}.Release|Any CPU.Build.0 = Release|Any CPU
		{47F72BA0-4C87-43EB-897A-A1AEB275072F}.Debug|Any CPU.ActiveCfg = Debug|Any CPU
		{47F72BA0-4C87-43EB-897A-A1AEB275072F}.Debug|Any CPU.Build.0 = Debug|Any CPU
		{47F72BA0-4C87-43EB-897A-A1AEB275072F}.Release|Any CPU.ActiveCfg = Release|Any CPU
		{47F72BA0-4C87-43EB-897A-A1AEB275072F}.Release|Any CPU.Build.0 = Release|Any CPU
		{D21A9F27-DA3E-4892-AC89-2B7B2EC7B78F}.Debug|Any CPU.ActiveCfg = Debug|Any CPU
		{D21A9F27-DA3E-4892-AC89-2B7B2EC7B78F}.Debug|Any CPU.Build.0 = Debug|Any CPU
		{D21A9F27-DA3E-4892-AC89-2B7B2EC7B78F}.Release|Any CPU.ActiveCfg = Release|Any CPU
		{D21A9F27-DA3E-4892-AC89-2B7B2EC7B78F}.Release|Any CPU.Build.0 = Release|Any CPU
	EndGlobalSection
	GlobalSection(SolutionProperties) = preSolution
		HideSolutionNode = FALSE
	EndGlobalSection
	GlobalSection(ExtensibilityGlobals) = postSolution
		SolutionGuid = {EB35C3D6-B363-486D-B080-639AC46A456F}
	EndGlobalSection
EndGlobal
